
Microsoft Visual Studio Solution File, Format Version 12.00
# Visual Studio Version 16
VisualStudioVersion = 16.0.31911.196
MinimumVisualStudioVersion = 10.0.40219.1
Project("{8BC9CEB8-8B4A-11D0-8D11-00A0C91BC942}") = "L4-2", "L4-2.vcxproj", "{56F9D079-5790-4652-A400-43BC9E1309E3}"
EndProject
Global
	GlobalSection(SolutionConfigurationPlatforms) = preSolution
		Debug|x64 = Debug|x64
		Debug|x86 = Debug|x86
		Release|x64 = Release|x64
		Release|x86 = Release|x86
	EndGlobalSection
	GlobalSection(ProjectConfigurationPlatforms) = postSolution
		{56F9D079-5790-4652-A400-43BC9E1309E3}.Debug|x64.ActiveCfg = Debug|x64
		{56F9D079-5790-4652-A400-43BC9E1309E3}.Debug|x64.Build.0 = Debug|x64
		{56F9D079-5790-4652-A400-43BC9E1309E3}.Debug|x86.ActiveCfg = Debug|Win32
		{56F9D079-5790-4652-A400-43BC9E1309E3}.Debug|x86.Build.0 = Debug|Win32
		{56F9D079-5790-4652-A400-43BC9E1309E3}.Release|x64.ActiveCfg = Release|x64
		{56F9D079-5790-4652-A400-43BC9E1309E3}.Release|x64.Build.0 = Release|x64
		{56F9D079-5790-4652-A400-43BC9E1309E3}.Release|x86.ActiveCfg = Release|Win32
		{56F9D079-5790-4652-A400-43BC9E1309E3}.Release|x86.Build.0 = Release|Win32
	EndGlobalSection
	GlobalSection(SolutionProperties) = preSolution
		HideSolutionNode = FALSE
	EndGlobalSection
	GlobalSection(ExtensibilityGlobals) = postSolution
		SolutionGuid = {59053E27-5CD3-4375-B1BD-176002DADA21}
	EndGlobalSection
EndGlobal
